PODS:
  - CryptoSwift (1.3.8)
  - Fuzi (3.1.3)
  - GCDWebServer (3.6.3):
    - GCDWebServer/Core (= 3.6.3)
  - GCDWebServer/Core (3.6.3)
  - Kingfisher (6.3.0)
  - MBProgressHUD (1.2.0)
  - Minizip (1.0.0)
  - R2Navigator (2.0.0):
    - R2Shared
    - SwiftSoup (~> 2.3)
  - R2Shared (2.0.1):
    - Fuzi (~> 3.1.3)
    - Minizip (~> 1.0.0)
    - SwiftSoup (~> 2.3)
  - R2Streamer (2.0.0):
    - CryptoSwift (~> 1.3.8)
    - Fuzi (~> 3.1.3)
    - GCDWebServer (~> 3.6.3)
    - Minizip (~> 1.0.0)
    - R2Shared
  - ReadiumLCP (2.0.0):
    - CryptoSwift (~> 1.3.8)
    - R2Shared
    - SQLite.swift (~> 0.12.2)
    - ZIPFoundation (<= 0.9.11)
  - ReadiumOPDS (2.0.0):
    - Fuzi (~> 3.1.3)
    - R2Shared
  - SQLite.swift (0.12.2):
    - SQLite.swift/standard (= 0.12.2)
  - SQLite.swift/standard (0.12.2)
  - SwiftSoup (2.3.2)
  - ZIPFoundation (0.9.11)

DEPENDENCIES:
  - GCDWebServer (from `https://raw.githubusercontent.com/readium/GCDWebServer/3.6.3/GCDWebServer.podspec`)
  - Kingfisher
  - MBProgressHUD
  - R2Navigator (from `https://raw.githubusercontent.com/readium/r2-navigator-swift/develop/R2Navigator.podspec`)
  - R2Shared (from `https://raw.githubusercontent.com/readium/r2-shared-swift/develop/R2Shared.podspec`)
  - R2Streamer (from `https://raw.githubusercontent.com/readium/r2-streamer-swift/develop/R2Streamer.podspec`)
  - ReadiumLCP (from `https://raw.githubusercontent.com/readium/r2-lcp-swift/develop/ReadiumLCP.podspec`)
  - ReadiumOPDS (from `https://raw.githubusercontent.com/readium/r2-opds-swift/develop/ReadiumOPDS.podspec`)
  - SQLite.swift
  - SwiftSoup

SPEC REPOS:
  trunk:
    - CryptoSwift
    - Fuzi
    - Kingfisher
    - MBProgressHUD
    - Minizip
    - SQLite.swift
    - SwiftSoup
    - ZIPFoundation

EXTERNAL SOURCES:
  GCDWebServer:
    :podspec: https://raw.githubusercontent.com/readium/GCDWebServer/3.6.3/GCDWebServer.podspec
  R2Navigator:
    :podspec: https://raw.githubusercontent.com/readium/r2-navigator-swift/develop/R2Navigator.podspec
  R2Shared:
    :podspec: https://raw.githubusercontent.com/readium/r2-shared-swift/develop/R2Shared.podspec
  R2Streamer:
    :podspec: https://raw.githubusercontent.com/readium/r2-streamer-swift/develop/R2Streamer.podspec
  ReadiumLCP:
    :podspec: https://raw.githubusercontent.com/readium/r2-lcp-swift/develop/ReadiumLCP.podspec
  ReadiumOPDS:
    :podspec: https://raw.githubusercontent.com/readium/r2-opds-swift/develop/ReadiumOPDS.podspec

CHECKOUT OPTIONS:
  R2Navigator:
    :commit: 7bda2643894c0d47f6cf9c044a04ddc239ba3452
    :git: https://github.com/readium/r2-navigator-swift.git
  R2Shared:
    :commit: 2b2d0d936f776801161e256ec807ddbc66b5bf4d
    :git: https://github.com/readium/r2-shared-swift.git
  R2Streamer:
    :commit: 1cf4d7f1c8a0ff643c8f4bcffdcce81a5744157a
    :git: https://github.com/readium/r2-streamer-swift.git
  ReadiumLCP:
    :commit: bc557bbde48716cef33acd9a2854d55dd7e9b9da
    :git: https://github.com/readium/r2-lcp-swift.git
  ReadiumOPDS:
    :commit: 1624cdc2d8b38e50f45173f56cda069f1dbde7d1
    :git: https://github.com/readium/r2-opds-swift.git

SPEC CHECKSUMS:
  CryptoSwift: 01b0f0cba1d5c212e5a335ff6c054fb75a204f00
  Fuzi: 4c10d6449c0b49a85cd75b13844c559c0fc71220
  GCDWebServer: 279e77f73df362df5b2650a1b0f4801d32d09c8e
  Kingfisher: 6c3df386db71d82c0817a429d2c9421a77396529
  MBProgressHUD: 3ee5efcc380f6a79a7cc9b363dd669c5e1ae7406
  Minizip: 188cb3e39a1195c283ae03bf673d182596fefd0b
  R2Navigator: 7c04fce5cac4976f1c6e40aaa5a6e807e35ca30d
  R2Shared: 2f1ebc74d7dabddcb4502e5fb464672fb292f045
  R2Streamer: 5950c933d39da91ffd334c799bdcb54f9ed6153d
  ReadiumLCP: 8ba9aee015b0d81aec47976b9bf2823d19846e2a
  ReadiumOPDS: 286182f274a80b02ff2851c86b1f0fd58bb3da6a
  SQLite.swift: d2b4642190917051ce6bd1d49aab565fe794eea3
  SwiftSoup: f97bc4e988c7729d6457f9642f974c617a6e2510
  ZIPFoundation: b1f0de4eed33e74a676f76e12559ab6b75990197

PODFILE CHECKSUM: 9c3de912aa1f44c698cde150fa1d0ccce722aa9f

COCOAPODS: 1.10.1
